// !$*UTF8*$!
{
	archiveVersion = 1;
	classes = {
	};
	objectVersion = 55;
	objects = {

/* Begin PBXBuildFile section */
		563DD35A27BF539B008DA1B3 /* RUBussinApp.swift in Sources */ = {isa = PBXBuildFile; fileRef = 563DD34A27BF539A008DA1B3 /* RUBussinApp.swift */; };
		563DD35B27BF539B008DA1B3 /* RUBussinApp.swift in Sources */ = {isa = PBXBuildFile; fileRef = 563DD34A27BF539A008DA1B3 /* RUBussinApp.swift */; };
		563DD35C27BF539B008DA1B3 /* ContentView.swift in Sources */ = {isa = PBXBuildFile; fileRef = 563DD34B27BF539A008DA1B3 /* ContentView.swift */; };
		563DD35D27BF539B008DA1B3 /* ContentView.swift in Sources */ = {isa = PBXBuildFile; fileRef = 563DD34B27BF539A008DA1B3 /* ContentView.swift */; };
		563DD35E27BF539B008DA1B3 /* Assets.xcassets in Resources */ = {isa = PBXBuildFile; fileRef = 563DD34C27BF539B008DA1B3 /* Assets.xcassets */; };
		563DD35F27BF539B008DA1B3 /* Assets.xcassets in Resources */ = {isa = PBXBuildFile; fileRef = 563DD34C27BF539B008DA1B3 /* Assets.xcassets */; };
		56633AA127F0AD08006BD110 /* BussesMapView.swift in Sources */ = {isa = PBXBuildFile; fileRef = 56633AA027F0AD08006BD110 /* BussesMapView.swift */; };
		56633AA227F0AD08006BD110 /* BussesMapView.swift in Sources */ = {isa = PBXBuildFile; fileRef = 56633AA027F0AD08006BD110 /* BussesMapView.swift */; };
		56633AA427F0AD28006BD110 /* BusListView.swift in Sources */ = {isa = PBXBuildFile; fileRef = 56633AA327F0AD28006BD110 /* BusListView.swift */; };
		56633AA527F0AD28006BD110 /* BusListView.swift in Sources */ = {isa = PBXBuildFile; fileRef = 56633AA327F0AD28006BD110 /* BusListView.swift */; };
/* End PBXBuildFile section */

/* Begin PBXFileReference section */
		563DD34A27BF539A008DA1B3 /* RUBussinApp.swift */ = {isa = PBXFileReference; lastKnownFileType = sourcecode.swift; path = RUBussinApp.swift; sourceTree = "<group>"; };
		563DD34B27BF539A008DA1B3 /* ContentView.swift */ = {isa = PBXFileReference; lastKnownFileType = sourcecode.swift; path = ContentView.swift; sourceTree = "<group>"; };
		563DD34C27BF539B008DA1B3 /* Assets.xcassets */ = {isa = PBXFileReference; lastKnownFileType = folder.assetcatalog; path = Assets.xcassets; sourceTree = "<group>"; };
		563DD35127BF539B008DA1B3 /* RUBussin.app */ = {isa = PBXFileReference; explicitFileType = wrapper.application; includeInIndex = 0; path = RUBussin.app; sourceTree = BUILT_PRODUCTS_DIR; };
		563DD35727BF539B008DA1B3 /* RUBussin.app */ = {isa = PBXFileReference; explicitFileType = wrapper.application; includeInIndex = 0; path = RUBussin.app; sourceTree = BUILT_PRODUCTS_DIR; };
		563DD35927BF539B008DA1B3 /* macOS.entitlements */ = {isa = PBXFileReference; lastKnownFileType = text.plist.entitlements; path = macOS.entitlements; sourceTree = "<group>"; };
		56633AA027F0AD08006BD110 /* BussesMapView.swift */ = {isa = PBXFileReference; lastKnownFileType = sourcecode.swift; path = BussesMapView.swift; sourceTree = "<group>"; };
		56633AA327F0AD28006BD110 /* BusListView.swift */ = {isa = PBXFileReference; lastKnownFileType = sourcecode.swift; path = BusListView.swift; sourceTree = "<group>"; };
/* End PBXFileReference section */

/* Begin PBXFrameworksBuildPhase section */
		563DD34E27BF539B008DA1B3 /* Frameworks */ = {
			isa = PBXFrameworksBuildPhase;
			buildActionMask = 2147483647;
			files = (
			);
			runOnlyForDeploymentPostprocessing = 0;
		};
		563DD35427BF539B008DA1B3 /* Frameworks */ = {
			isa = PBXFrameworksBuildPhase;
			buildActionMask = 2147483647;
			files = (
			);
			runOnlyForDeploymentPostprocessing = 0;
		};
/* End PBXFrameworksBuildPhase section */

/* Begin PBXGroup section */
		563DD34427BF539A008DA1B3 = {
			isa = PBXGroup;
			children = (
				563DD34927BF539A008DA1B3 /* Shared */,
				563DD35827BF539B008DA1B3 /* macOS */,
				563DD35227BF539B008DA1B3 /* Products */,
			);
			sourceTree = "<group>";
		};
		563DD34927BF539A008DA1B3 /* Shared */ = {
			isa = PBXGroup;
			children = (
				563DD34A27BF539A008DA1B3 /* RUBussinApp.swift */,
				563DD34B27BF539A008DA1B3 /* ContentView.swift */,
				56633AA027F0AD08006BD110 /* BussesMapView.swift */,
				56633AA327F0AD28006BD110 /* BusListView.swift */,
				563DD34C27BF539B008DA1B3 /* Assets.xcassets */,
			);
			path = Shared;
			sourceTree = "<group>";
		};
		563DD35227BF539B008DA1B3 /* Products */ = {
			isa = PBXGroup;
			children = (
				563DD35127BF539B008DA1B3 /* RUBussin.app */,
				563DD35727BF539B008DA1B3 /* RUBussin.app */,
			);
			name = Products;
			sourceTree = "<group>";
		};
		563DD35827BF539B008DA1B3 /* macOS */ = {
			isa = PBXGroup;
			children = (
				563DD35927BF539B008DA1B3 /* macOS.entitlements */,
			);
			path = macOS;
			sourceTree = "<group>";
		};
/* End PBXGroup section */

/* Begin PBXNativeTarget section */
		563DD35027BF539B008DA1B3 /* RUBussin (iOS) */ = {
			isa = PBXNativeTarget;
			buildConfigurationList = 563DD36227BF539B008DA1B3 /* Build configuration list for PBXNativeTarget "RUBussin (iOS)" */;
			buildPhases = (
				563DD34D27BF539B008DA1B3 /* Sources */,
				563DD34E27BF539B008DA1B3 /* Frameworks */,
				563DD34F27BF539B008DA1B3 /* Resources */,
			);
			buildRules = (
			);
			dependencies = (
			);
			name = "RUBussin (iOS)";
			productName = "RUBussin (iOS)";
			productReference = 563DD35127BF539B008DA1B3 /* RUBussin.app */;
			productType = "com.apple.product-type.application";
		};
		563DD35627BF539B008DA1B3 /* RUBussin (macOS) */ = {
			isa = PBXNativeTarget;
			buildConfigurationList = 563DD36527BF539B008DA1B3 /* Build configuration list for PBXNativeTarget "RUBussin (macOS)" */;
			buildPhases = (
				563DD35327BF539B008DA1B3 /* Sources */,
				563DD35427BF539B008DA1B3 /* Frameworks */,
				563DD35527BF539B008DA1B3 /* Resources */,
			);
			buildRules = (
			);
			dependencies = (
			);
			name = "RUBussin (macOS)";
			productName = "RUBussin (macOS)";
			productReference = 563DD35727BF539B008DA1B3 /* RUBussin.app */;
			productType = "com.apple.product-type.application";
		};
/* End PBXNativeTarget section */

/* Begin PBXProject section */
		563DD34527BF539A008DA1B3 /* Project object */ = {
			isa = PBXProject;
			attributes = {
				BuildIndependentTargetsInParallel = 1;
				LastSwiftUpdateCheck = 1320;
				LastUpgradeCheck = 1320;
				TargetAttributes = {
					563DD35027BF539B008DA1B3 = {
						CreatedOnToolsVersion = 13.2.1;
					};
					563DD35627BF539B008DA1B3 = {
						CreatedOnToolsVersion = 13.2.1;
					};
				};
			};
			buildConfigurationList = 563DD34827BF539A008DA1B3 /* Build configuration list for PBXProject "RUBussin" */;
			compatibilityVersion = "Xcode 13.0";
			developmentRegion = en;
			hasScannedForEncodings = 0;
			knownRegions = (
				en,
				Base,
			);
			mainGroup = 563DD34427BF539A008DA1B3;
			productRefGroup = 563DD35227BF539B008DA1B3 /* Products */;
			projectDirPath = "";
			projectRoot = "";
			targets = (
				563DD35027BF539B008DA1B3 /* RUBussin (iOS) */,
				563DD35627BF539B008DA1B3 /* RUBussin (macOS) */,
			);
		};
/* End PBXProject section */

/* Begin PBXResourcesBuildPhase section */
		563DD34F27BF539B008DA1B3 /* Resources */ = {
			isa = PBXResourcesBuildPhase;
			buildActionMask = 2147483647;
			files = (
				563DD35E27BF539B008DA1B3 /* Assets.xcassets in Resources */,
			);
			runOnlyForDeploymentPostprocessing = 0;
		};
		563DD35527BF539B008DA1B3 /* Resources */ = {
			isa = PBXResourcesBuildPhase;
			buildActionMask = 2147483647;
			files = (
				563DD35F27BF539B008DA1B3 /* Assets.xcassets in Resources */,
			);
			runOnlyForDeploymentPostprocessing = 0;
		};
/* End PBXResourcesBuildPhase section */

/* Begin PBXSourcesBuildPhase section */
		563DD34D27BF539B008DA1B3 /* Sources */ = {
			isa = PBXSourcesBuildPhase;
			buildActionMask = 2147483647;
			files = (
				563DD35C27BF539B008DA1B3 /* ContentView.swift in Sources */,
				56633AA427F0AD28006BD110 /* BusListView.swift in Sources */,
				56633AA127F0AD08006BD110 /* BussesMapView.swift in Sources */,
				563DD35A27BF539B008DA1B3 /* RUBussinApp.swift in Sources */,
			);
			runOnlyForDeploymentPostprocessing = 0;
		};
		563DD35327BF539B008DA1B3 /* Sources */ = {
			isa = PBXSourcesBuildPhase;
			buildActionMask = 2147483647;
			files = (
				563DD35D27BF539B008DA1B3 /* ContentView.swift in Sources */,
				56633AA527F0AD28006BD110 /* BusListView.swift in Sources */,
				56633AA227F0AD08006BD110 /* BussesMapView.swift in Sources */,
				563DD35B27BF539B008DA1B3 /* RUBussinApp.swift in Sources */,
			);
			runOnlyForDeploymentPostprocessing = 0;
		};
/* End PBXSourcesBuildPhase section */

/* Begin XCBuildConfiguration section */
		563DD36027BF539B008DA1B3 /* Debug */ = {
			isa = XCBuildConfiguration;
			buildSettings = {
				ALWAYS_SEARCH_USER_PATHS = NO;
				CLANG_ANALYZER_NONNULL = YES;
				CLANG_ANALYZER_NUMBER_OBJECT_CONVERSION = YES_AGGRESSIVE;
				CLANG_CXX_LANGUAGE_STANDARD = "gnu++17";
				CLANG_CXX_LIBRARY = "libc++";
				CLANG_ENABLE_MODULES = YES;
				CLANG_ENABLE_OBJC_ARC = YES;
				CLANG_ENABLE_OBJC_WEAK = YES;
				CLANG_WARN_BLOCK_CAPTURE_AUTORELEASING = YES;
				CLANG_WARN_BOOL_CONVERSION = YES;
				CLANG_WARN_COMMA = YES;
				CLANG_WARN_CONSTANT_CONVERSION = YES;
				CLANG_WARN_DEPRECATED_OBJC_IMPLEMENTATIONS = YES;
				CLANG_WARN_DIRECT_OBJC_ISA_USAGE = YES_ERROR;
				CLANG_WARN_DOCUMENTATION_COMMENTS = YES;
				CLANG_WARN_EMPTY_BODY = YES;
				CLANG_WARN_ENUM_CONVERSION = YES;
				CLANG_WARN_INFINITE_RECURSION = YES;
				CLANG_WARN_INT_CONVERSION = YES;
				CLANG_WARN_NON_LITERAL_NULL_CONVERSION = YES;
				CLANG_WARN_OBJC_IMPLICIT_RETAIN_SELF = YES;
				CLANG_WARN_OBJC_LITERAL_CONVERSION = YES;
				CLANG_WARN_OBJC_ROOT_CLASS = YES_ERROR;
				CLANG_WARN_QUOTED_INCLUDE_IN_FRAMEWORK_HEADER = YES;
				CLANG_WARN_RANGE_LOOP_ANALYSIS = YES;
				CLANG_WARN_STRICT_PROTOTYPES = YES;
				CLANG_WARN_SUSPICIOUS_MOVE = YES;
				CLANG_WARN_UNGUARDED_AVAILABILITY = YES_AGGRESSIVE;
				CLANG_WARN_UNREACHABLE_CODE = YES;
				CLANG_WARN__DUPLICATE_METHOD_MATCH = YES;
				COPY_PHASE_STRIP = NO;
				DEBUG_INFORMATION_FORMAT = dwarf;
				ENABLE_STRICT_OBJC_MSGSEND = YES;
				ENABLE_TESTABILITY = YES;
				GCC_C_LANGUAGE_STANDARD = gnu11;
				GCC_DYNAMIC_NO_PIC = NO;
				GCC_NO_COMMON_BLOCKS = YES;
				GCC_OPTIMIZATION_LEVEL = 0;
				GCC_PREPROCESSOR_DEFINITIONS = (
					"DEBUG=1",
					"$(inherited)",
				);
				GCC_WARN_64_TO_32_BIT_CONVERSION = YES;
				GCC_WARN_ABOUT_RETURN_TYPE = YES_ERROR;
				GCC_WARN_UNDECLARED_SELECTOR = YES;
				GCC_WARN_UNINITIALIZED_AUTOS = YES_AGGRESSIVE;
				GCC_WARN_UNUSED_FUNCTION = YES;
				GCC_WARN_UNUSED_VARIABLE = YES;
				MTL_ENABLE_DEBUG_INFO = INCLUDE_SOURCE;
				MTL_FAST_MATH = YES;
				ONLY_ACTIVE_ARCH = YES;
				SWIFT_ACTIVE_COMPILATION_CONDITIONS = DEBUG;
				SWIFT_OPTIMIZATION_LEVEL = "-Onone";
			};
			name = Debug;
		};
		563DD36127BF539B008DA1B3 /* Release */ = {
			isa = XCBuildConfiguration;
			buildSettings = {
				ALWAYS_SEARCH_USER_PATHS = NO;
				CLANG_ANALYZER_NONNULL = YES;
				CLANG_ANALYZER_NUMBER_OBJECT_CONVERSION = YES_AGGRESSIVE;
				CLANG_CXX_LANGUAGE_STANDARD = "gnu++17";
				CLANG_CXX_LIBRARY = "libc++";
				CLANG_ENABLE_MODULES = YES;
				CLANG_ENABLE_OBJC_ARC = YES;
				CLANG_ENABLE_OBJC_WEAK = YES;
				CLANG_WARN_BLOCK_CAPTURE_AUTORELEASING = YES;
				CLANG_WARN_BOOL_CONVERSION = YES;
				CLANG_WARN_COMMA = YES;
				CLANG_WARN_CONSTANT_CONVERSION = YES;
				CLANG_WARN_DEPRECATED_OBJC_IMPLEMENTATIONS = YES;
				CLANG_WARN_DIRECT_OBJC_ISA_USAGE = YES_ERROR;
				CLANG_WARN_DOCUMENTATION_COMMENTS = YES;
				CLANG_WARN_EMPTY_BODY = YES;
				CLANG_WARN_ENUM_CONVERSION = YES;
				CLANG_WARN_INFINITE_RECURSION = YES;
				CLANG_WARN_INT_CONVERSION = YES;
				CLANG_WARN_NON_LITERAL_NULL_CONVERSION = YES;
				CLANG_WARN_OBJC_IMPLICIT_RETAIN_SELF = YES;
				CLANG_WARN_OBJC_LITERAL_CONVERSION = YES;
				CLANG_WARN_OBJC_ROOT_CLASS = YES_ERROR;
				CLANG_WARN_QUOTED_INCLUDE_IN_FRAMEWORK_HEADER = YES;
				CLANG_WARN_RANGE_LOOP_ANALYSIS = YES;
				CLANG_WARN_STRICT_PROTOTYPES = YES;
				CLANG_WARN_SUSPICIOUS_MOVE = YES;
				CLANG_WARN_UNGUARDED_AVAILABILITY = YES_AGGRESSIVE;
				CLANG_WARN_UNREACHABLE_CODE = YES;
				CLANG_WARN__DUPLICATE_METHOD_MATCH = YES;
				COPY_PHASE_STRIP = NO;
				DEBUG_INFORMATION_FORMAT = "dwarf-with-dsym";
				ENABLE_NS_ASSERTIONS = NO;
				ENABLE_STRICT_OBJC_MSGSEND = YES;
				GCC_C_LANGUAGE_STANDARD = gnu11;
				GCC_NO_COMMON_BLOCKS = YES;
				GCC_WARN_64_TO_32_BIT_CONVERSION = YES;
				GCC_WARN_ABOUT_RETURN_TYPE = YES_ERROR;
				GCC_WARN_UNDECLARED_SELECTOR = YES;
				GCC_WARN_UNINITIALIZED_AUTOS = YES_AGGRESSIVE;
				GCC_WARN_UNUSED_FUNCTION = YES;
				GCC_WARN_UNUSED_VARIABLE = YES;
				MTL_ENABLE_DEBUG_INFO = NO;
				MTL_FAST_MATH = YES;
				SWIFT_COMPILATION_MODE = wholemodule;
				SWIFT_OPTIMIZATION_LEVEL = "-O";
			};
			name = Release;
		};
		563DD36327BF539B008DA1B3 /* Debug */ = {
			isa = XCBuildConfiguration;
			buildSettings = {
				ASSETCATALOG_COMPILER_APPICON_NAME = AppIcon;
				ASSETCATALOG_COMPILER_GLOBAL_ACCENT_COLOR_NAME = AccentColor;
				CODE_SIGN_STYLE = Automatic;
				CURRENT_PROJECT_VERSION = 1;
				DEVELOPMENT_TEAM = Q8CL37543D;
				ENABLE_PREVIEWS = YES;
				GENERATE_INFOPLIST_FILE = YES;
				INFOPLIST_KEY_UIApplicationSceneManifest_Generation = YES;
				INFOPLIST_KEY_UIApplicationSupportsIndirectInputEvents = YES;
				INFOPLIST_KEY_UILaunchScreen_Generation = YES;
				INFOPLIST_KEY_UISupportedInterfaceOrientations_iPad = "UIInterfaceOrientationPortrait UIInterfaceOrientationPortraitUpsideDown UIInterfaceOrientationLandscapeLeft UIInterfaceOrientationLandscapeRight";
				INFOPLIST_KEY_UISupportedInterfaceOrientations_iPhone = "UIInterfaceOrientationPortrait UIInterfaceOrientationLandscapeLeft UIInterfaceOrientationLandscapeRight";
				IPHONEOS_DEPLOYMENT_TARGET = 15.2;
				LD_RUNPATH_SEARCH_PATHS = (
					"$(inherited)",
					"@executable_path/Frameworks",
				);
				MARKETING_VERSION = 1.0;
				PRODUCT_BUNDLE_IDENTIFIER = com.noeduran.RUBussin;
				PRODUCT_NAME = RUBussin;
				SDKROOT = iphoneos;
				SWIFT_EMIT_LOC_STRINGS = YES;
				SWIFT_VERSION = 5.0;
				TARGETED_DEVICE_FAMILY = "1,2";
			};
			name = Debug;
		};
		563DD36427BF539B008DA1B3 /* Release */ = {
			isa = XCBuildConfiguration;
			buildSettings = {
				ASSETCATALOG_COMPILER_APPICON_NAME = AppIcon;
				ASSETCATALOG_COMPILER_GLOBAL_ACCENT_COLOR_NAME = AccentColor;
				CODE_SIGN_STYLE = Automatic;
				CURRENT_PROJECT_VERSION = 1;
				DEVELOPMENT_TEAM = Q8CL37543D;
				ENABLE_PREVIEWS = YES;
				GENERATE_INFOPLIST_FILE = YES;
				INFOPLIST_KEY_UIApplicationSceneManifest_Generation = YES;
				INFOPLIST_KEY_UIApplicationSupportsIndirectInputEvents = YES;
				INFOPLIST_KEY_UILaunchScreen_Generation = YES;
				INFOPLIST_KEY_UISupportedInterfaceOrientations_iPad = "UIInterfaceOrientationPortrait UIInterfaceOrientationPortraitUpsideDown UIInterfaceOrientationLandscapeLeft UIInterfaceOrientationLandscapeRight";
				INFOPLIST_KEY_UISupportedInterfaceOrientations_iPhone = "UIInterfaceOrientationPortrait UIInterfaceOrientationLandscapeLeft UIInterfaceOrientationLandscapeRight";
				IPHONEOS_DEPLOYMENT_TARGET = 15.2;
				LD_RUNPATH_SEARCH_PATHS = (
					"$(inherited)",
					"@executable_path/Frameworks",
				);
				MARKETING_VERSION = 1.0;
				PRODUCT_BUNDLE_IDENTIFIER = com.noeduran.RUBussin;
				PRODUCT_NAME = RUBussin;
				SDKROOT = iphoneos;
				SWIFT_EMIT_LOC_STRINGS = YES;
				SWIFT_VERSION = 5.0;
				TARGETED_DEVICE_FAMILY = "1,2";
				VALIDATE_PRODUCT = YES;
			};
			name = Release;
		};
		563DD36627BF539B008DA1B3 /* Debug */ = {
			isa = XCBuildConfiguration;
			buildSettings = {
				ASSETCATALOG_COMPILER_APPICON_NAME = AppIcon;
				ASSETCATALOG_COMPILER_GLOBAL_ACCENT_COLOR_NAME = AccentColor;
				CODE_SIGN_ENTITLEMENTS = macOS/macOS.entitlements;
				CODE_SIGN_STYLE = Automatic;
				COMBINE_HIDPI_IMAGES = YES;
				CURRENT_PROJECT_VERSION = 1;
				DEVELOPMENT_TEAM = Q8CL37543D;
				ENABLE_HARDENED_RUNTIME = YES;
				ENABLE_PREVIEWS = YES;
				GENERATE_INFOPLIST_FILE = YES;
				INFOPLIST_KEY_NSHumanReadableCopyright = "";
				LD_RUNPATH_SEARCH_PATHS = (
					"$(inherited)",
					"@executable_path/../Frameworks",
				);
				MACOSX_DEPLOYMENT_TARGET = 12.1;
				MARKETING_VERSION = 1.0;
				PRODUCT_BUNDLE_IDENTIFIER = com.noeduran.RUBussin;
				PRODUCT_NAME = RUBussin;
				SDKROOT = macosx;
				SWIFT_EMIT_LOC_STRINGS = YES;
				SWIFT_VERSION = 5.0;
			};
			name = Debug;
		};
		563DD36727BF539B008DA1B3 /* Release */ = {
			isa = XCBuildConfiguration;
			buildSettings = {
				ASSETCATALOG_COMPILER_APPICON_NAME = AppIcon;
				ASSETCATALOG_COMPILER_GLOBAL_ACCENT_COLOR_NAME = AccentColor;
				CODE_SIGN_ENTITLEMENTS = macOS/macOS.entitlements;
				CODE_SIGN_STYLE = Automatic;
				COMBINE_HIDPI_IMAGES = YES;
				CURRENT_PROJECT_VERSION = 1;
				DEVELOPMENT_TEAM = Q8CL37543D;
				ENABLE_HARDENED_RUNTIME = YES;
				ENABLE_PREVIEWS = YES;
				GENERATE_INFOPLIST_FILE = YES;
				INFOPLIST_KEY_NSHumanReadableCopyright = "";
				LD_RUNPATH_SEARCH_PATHS = (
					"$(inherited)",
					"@executable_path/../Frameworks",
				);
				MACOSX_DEPLOYMENT_TARGET = 12.1;
				MARKETING_VERSION = 1.0;
				PRODUCT_BUNDLE_IDENTIFIER = com.noeduran.RUBussin;
				PRODUCT_NAME = RUBussin;
				SDKROOT = macosx;
				SWIFT_EMIT_LOC_STRINGS = YES;
				SWIFT_VERSION = 5.0;
			};
			name = Release;
		};
/* End XCBuildConfiguration section */

/* Begin XCConfigurationList section */
		563DD34827BF539A008DA1B3 /* Build configuration list for PBXProject "RUBussin" */ = {
			isa = XCConfigurationList;
			buildConfigurations = (
				563DD36027BF539B008DA1B3 /* Debug */,
				563DD36127BF539B008DA1B3 /* Release */,
			);
			defaultConfigurationIsVisible = 0;
			defaultConfigurationName = Release;
		};
		563DD36227BF539B008DA1B3 /* Build configuration list for PBXNativeTarget "RUBussin (iOS)" */ = {
			isa = XCConfigurationList;
			buildConfigurations = (
				563DD36327BF539B008DA1B3 /* Debug */,
				563DD36427BF539B008DA1B3 /* Release */,
			);
			defaultConfigurationIsVisible = 0;
			defaultConfigurationName = Release;
		};
		563DD36527BF539B008DA1B3 /* Build configuration list for PBXNativeTarget "RUBussin (macOS)" */ = {
			isa = XCConfigurationList;
			buildConfigurations = (
				563DD36627BF539B008DA1B3 /* Debug */,
				563DD36727BF539B008DA1B3 /* Release */,
			);
			defaultConfigurationIsVisible = 0;
			defaultConfigurationName = Release;
		};
/* End XCConfigurationList section */
	};
	rootObject = 563DD34527BF539A008DA1B3 /* Project object */;
}
